# This file is automatically @generated by Cargo.
# It is not intended for manual editing.
version = 4

[[package]]
name = "hyper-use-browser"
version = "0.1.0"

[[package]]
name = "hyper-use-cli"
version = "0.1.0"
dependencies = [
 "hyper-use-core",
 "hyper-use-hyper",
 "hyper-use-resonance",
]

[[package]]
name = "hyper-use-core"
version = "0.1.0"

[[package]]
name = "hyper-use-cua"
version = "0.1.0"

[[package]]
name = "hyper-use-executor"
version = "0.1.0"
dependencies = [
 "hyper-use-browser",
 "hyper-use-core",
 "hyper-use-cua",
 "hyper-use-macos",
]

[[package]]
name = "hyper-use-geometry"
version = "0.1.0"
dependencies = [
 "hyper-use-core",
]

[[package]]
name = "hyper-use-hyper"
version = "0.1.0"

[[package]]
name = "hyper-use-macos"
version = "0.1.0"

[[package]]
name = "hyper-use-mcp"
version = "0.1.0"
dependencies = [
 "hyper-use-protocol",
]

[[package]]
name = "hyper-use-observe"
version = "0.1.0"
dependencies = [
 "hyper-use-core",
]

[[package]]
name = "hyper-use-protocol"
version = "0.1.0"
dependencies = [
 "hyper-use-core",
]

[[package]]
name = "hyper-use-resonance"
version = "0.1.0"
dependencies = [
 "hyper-use-core",
 "hyper-use-geometry",
 "hyper-use-hyper",
]
